# Generated by pub
# See https://dart.dev/tools/pub/glossary#lockfile
packages:
  age_calculator:
    dependency: "direct dev"
    description:
      name: age_calculator
      sha256: "00190836e4e0ab9d11a60675a7109b36e5771bdfd4d24d7c55012d8370ecccba"
      url: "https://pub.dev"
    source: hosted
    version: "1.0.0"
  amplify_analytics_pinpoint:
    dependency: "direct dev"
    description:
      name: amplify_analytics_pinpoint
      sha256: d719c6b1f30593c5448c251524d9d8c317c416dcab9b6222a0d9d1af49828f59
      url: "https://pub.dev"
    source: hosted
    version: "0.6.14"
  amplify_analytics_pinpoint_android:
    dependency: transitive
    description:
      name: amplify_analytics_pinpoint_android
      sha256: "1c16009a132a44485f608c31746a4262582a9cb9f895bd9952f01f21a1048bf4"
      url: "https://pub.dev"
    source: hosted
    version: "0.6.14"
  amplify_analytics_pinpoint_ios:
    dependency: transitive
    description:
      name: amplify_analytics_pinpoint_ios
      sha256: baeac9ec0de60247360739ac25ce03288bce9597a975d37b555c6ac2a01596a5
      url: "https://pub.dev"
    source: hosted
    version: "0.6.14"
  amplify_api:
    dependency: "direct dev"
    description:
      name: amplify_api
      sha256: ae32da897be7ca7c9a38989653fb70b07a2e92557b105430d7e1dd5591186497
      url: "https://pub.dev"
    source: hosted
    version: "0.6.14"
  amplify_api_android:
    dependency: transitive
    description:
      name: amplify_api_android
      sha256: "488df4c9b708ca74a2e3c3d094d90e973613ad8fefb417891417a1d45ea61711"
      url: "https://pub.dev"
    source: hosted
    version: "0.6.14"
  amplify_api_ios:
    dependency: transitive
    description:
      name: amplify_api_ios
      sha256: "3dfc1e09b3a9da40b22bfc10a6932785bfd3e413d5cd5d098d9b67f8e184f583"
      url: "https://pub.dev"
    source: hosted
    version: "0.6.14"
  amplify_auth_cognito:
    dependency: "direct dev"
    description:
      name: amplify_auth_cognito
      sha256: cfb12e234bb1d03ef74122877a9576b0cf03e116bdb8563cd243da84f8e4f9a2
      url: "https://pub.dev"
    source: hosted
    version: "0.6.14"
  amplify_auth_cognito_android:
    dependency: transitive
    description:
      name: amplify_auth_cognito_android
      sha256: ad96393262135523077a4f191bd7ddd4481b8f2dc83995316603d20ae6412688
      url: "https://pub.dev"
    source: hosted
    version: "0.6.14"
  amplify_auth_cognito_ios:
    dependency: transitive
    description:
      name: amplify_auth_cognito_ios
      sha256: "111af443c02eae54da75d4a3ac96813a470677d834d6c9c132bf101daf7a6afa"
      url: "https://pub.dev"
    source: hosted
    version: "0.6.14"
  amplify_core:
    dependency: "direct main"
    description:
      name: amplify_core
      sha256: "9fbd1d925423a5c57d849cef20a6d45aff5528f74c0377ba2ea11a3e68df9d8f"
      url: "https://pub.dev"
    source: hosted
    version: "0.6.14"
  amplify_datastore:
    dependency: "direct dev"
    description:
      name: amplify_datastore
      sha256: c509d65735fb9fe3493470ae8a8f054de2860f1f43320d243256cce969469691
      url: "https://pub.dev"
    source: hosted
    version: "0.6.14"
  amplify_datastore_plugin_interface:
    dependency: transitive
    description:
      name: amplify_datastore_plugin_interface
      sha256: c0e2c8468c500594074f8e06468246421feaa01abd9bda0c59d2add1f6bf99bc
      url: "https://pub.dev"
    source: hosted
    version: "0.6.14"
  amplify_flutter:
    dependency: "direct dev"
    description:
      name: amplify_flutter
      sha256: "6b757b8eed353525b737ffc0d5b63d22708184adabf23b887d84cf1c14a7986f"
      url: "https://pub.dev"
    source: hosted
    version: "0.6.14"
  amplify_flutter_android:
    dependency: transitive
    description:
      name: amplify_flutter_android
      sha256: a7e4d496aa515f43e0652668ff0995fd0033b257c9e029a232891f5e65ef3289
      url: "https://pub.dev"
    source: hosted
    version: "0.6.14"
  amplify_flutter_ios:
    dependency: transitive
    description:
      name: amplify_flutter_ios
      sha256: f1736e49dd958043932dd2991a1c9f09c3ac9a5e87e09a5c6c43d349518d0d26
      url: "https://pub.dev"
    source: hosted
    version: "0.6.14"
  amplify_storage_s3:
    dependency: "direct dev"
    description:
      name: amplify_storage_s3
      sha256: "29e58af5e6fec541a393e6d0a89a4ad6221225e9f4066f19c373c7a0569a9e13"
      url: "https://pub.dev"
    source: hosted
    version: "0.6.14"
  amplify_storage_s3_android:
    dependency: transitive
    description:
      name: amplify_storage_s3_android
      sha256: "41d5a701f2a742f41cfca271ec43f703a300fba394be1cbb350f6d1363bc4354"
      url: "https://pub.dev"
    source: hosted
    version: "0.6.14"
  amplify_storage_s3_ios:
    dependency: transitive
    description:
      name: amplify_storage_s3_ios
      sha256: e2759a23817d67032197f1e816ce2e12f9cc0d9b039794b59ca31954fcb0e241
      url: "https://pub.dev"
    source: hosted
    version: "0.6.14"
  async:
    dependency: transitive
    description:
      name: async
      sha256: "947bfcf187f74dbc5e146c9eb9c0f10c9f8b30743e341481c1e2ed3ecc18c20c"
      url: "https://pub.dev"
    source: hosted
    version: "2.11.0"
  aws_common:
    dependency: transitive
    description:
      name: aws_common
      sha256: b5f48304feacc833241d0d812ab68e5fec80d5440c991d5ca27eaaf23d5c8da5
      url: "https://pub.dev"
    source: hosted
    version: "0.1.1"
  back_button_interceptor:
    dependency: "direct dev"
    description:
      name: back_button_interceptor
      sha256: e47660f2178a4392eb72001f9594d3fdcb5efde93e59d2819d61fda499e781c8
      url: "https://pub.dev"
    source: hosted
    version: "6.0.2"
  boolean_selector:
    dependency: transitive
    description:
      name: boolean_selector
      sha256: "6cfb5af12253eaf2b368f07bacc5a80d1301a071c73360d746b7f2e32d762c66"
      url: "https://pub.dev"
    source: hosted
    version: "2.1.1"
  cached_network_image:
    dependency: "direct dev"
    description:
      name: cached_network_image
      sha256: fd3d0dc1d451f9a252b32d95d3f0c3c487bc41a75eba2e6097cb0b9c71491b15
      url: "https://pub.dev"
    source: hosted
    version: "3.2.3"
  cached_network_image_platform_interface:
    dependency: transitive
    description:
      name: cached_network_image_platform_interface
      sha256: bb2b8403b4ccdc60ef5f25c70dead1f3d32d24b9d6117cfc087f496b178594a7
      url: "https://pub.dev"
    source: hosted
    version: "2.0.0"
  cached_network_image_web:
    dependency: transitive
    description:
      name: cached_network_image_web
      sha256: b8eb814ebfcb4dea049680f8c1ffb2df399e4d03bf7a352c775e26fa06e02fa0
      url: "https://pub.dev"
    source: hosted
    version: "1.0.2"
  camera:
    dependency: "direct main"
    description:
      name: camera
      sha256: ebebead3d5ec3d148249331d751d462d7e8c98102b8830a9b45ec96a2bd4333f
      url: "https://pub.dev"
    source: hosted
    version: "0.10.5+2"
  camera_android:
    dependency: transitive
    description:
      name: camera_android
      sha256: f2d886ab431e468301eef451a897db8beb8e66a053bb556c3111d3337acc4c7b
      url: "https://pub.dev"
    source: hosted
    version: "0.10.8+5"
  camera_avfoundation:
    dependency: transitive
    description:
      name: camera_avfoundation
      sha256: "1a416e452b30955b392f4efbf23291d3f2ba3660a85e1628859eb62d2a2bab26"
      url: "https://pub.dev"
    source: hosted
    version: "0.9.13+2"
  camera_platform_interface:
    dependency: transitive
    description:
      name: camera_platform_interface
      sha256: "60fa0bb62a4f3bf3a7c413e31e4cd01b69c779ccc8e4668904a24581b86c316b"
      url: "https://pub.dev"
    source: hosted
    version: "2.5.1"
  camera_web:
    dependency: transitive
    description:
      name: camera_web
      sha256: "894df2a4e9ddd77ffecee9553d5980eeabb8bf09d98e53934859e67dc367933b"
      url: "https://pub.dev"
    source: hosted
    version: "0.3.2+1"
  characters:
    dependency: transitive
    description:
      name: characters
      sha256: "04a925763edad70e8443c99234dc3328f442e811f1d8fd1a72f1c8ad0f69a605"
      url: "https://pub.dev"
    source: hosted
    version: "1.3.0"
  clock:
    dependency: transitive
    description:
      name: clock
      sha256: cb6d7f03e1de671e34607e909a7213e31d7752be4fb66a86d29fe1eb14bfb5cf
      url: "https://pub.dev"
    source: hosted
    version: "1.1.1"
  collection:
    dependency: transitive
    description:
      name: collection
      sha256: ee67cb0715911d28db6bf4af1026078bd6f0128b07a5f66fb2ed94ec6783c09a
      url: "https://pub.dev"
    source: hosted
    version: "1.18.0"
  cross_file:
    dependency: transitive
    description:
      name: cross_file
      sha256: "0b0036e8cccbfbe0555fd83c1d31a6f30b77a96b598b35a5d36dd41f718695e9"
      url: "https://pub.dev"
    source: hosted
    version: "0.3.3+4"
  crypto:
    dependency: transitive
    description:
      name: crypto
      sha256: ff625774173754681d66daaf4a448684fb04b78f902da9cb3d308c19cc5e8bab
      url: "https://pub.dev"
    source: hosted
    version: "3.0.3"
  csv:
    dependency: "direct dev"
    description:
      name: csv
      sha256: "016b31a51a913744a0a1655c74ff13c9379e1200e246a03d96c81c5d9ed297b5"
      url: "https://pub.dev"
    source: hosted
    version: "5.0.2"
  cupertino_icons:
    dependency: "direct main"
    description:
      name: cupertino_icons
      sha256: e35129dc44c9118cee2a5603506d823bab99c68393879edb440e0090d07586be
      url: "https://pub.dev"
    source: hosted
    version: "1.0.5"
  datepicker_dropdown:
    dependency: "direct dev"
    description:
      name: datepicker_dropdown
      sha256: "0e211431de82b7aba7eb44f8d13e7a3a51ac1d97bc9cdb4f68eb17b2b23164dd"
      url: "https://pub.dev"
    source: hosted
    version: "0.0.7+5"
  equatable:
    dependency: transitive
    description:
      name: equatable
      sha256: c2b87cb7756efdf69892005af546c56c0b5037f54d2a88269b4f347a505e3ca2
      url: "https://pub.dev"
    source: hosted
    version: "2.0.5"
  fake_async:
    dependency: transitive
    description:
      name: fake_async
      sha256: "511392330127add0b769b75a987850d136345d9227c6b94c96a04cf4a391bf78"
      url: "https://pub.dev"
    source: hosted
    version: "1.3.1"
  ffi:
    dependency: transitive
    description:
      name: ffi
      sha256: ed5337a5660c506388a9f012be0288fb38b49020ce2b45fe1f8b8323fe429f99
      url: "https://pub.dev"
    source: hosted
    version: "2.0.2"
  file:
    dependency: transitive
    description:
      name: file
      sha256: "1b92bec4fc2a72f59a8e15af5f52cd441e4a7860b49499d69dfa817af20e925d"
      url: "https://pub.dev"
    source: hosted
    version: "6.1.4"
  file_selector_linux:
    dependency: transitive
    description:
      name: file_selector_linux
      sha256: "770eb1ab057b5ae4326d1c24cc57710758b9a46026349d021d6311bd27580046"
      url: "https://pub.dev"
    source: hosted
    version: "0.9.2"
  file_selector_macos:
    dependency: transitive
    description:
      name: file_selector_macos
      sha256: "4ada532862917bf16e3adb3891fe3a5917a58bae03293e497082203a80909412"
      url: "https://pub.dev"
    source: hosted
    version: "0.9.3+1"
  file_selector_platform_interface:
    dependency: transitive
    description:
      name: file_selector_platform_interface
      sha256: "412705a646a0ae90f33f37acfae6a0f7cbc02222d6cd34e479421c3e74d3853c"
      url: "https://pub.dev"
    source: hosted
    version: "2.6.0"
  file_selector_windows:
    dependency: transitive
    description:
      name: file_selector_windows
      sha256: "1372760c6b389842b77156203308940558a2817360154084368608413835fc26"
      url: "https://pub.dev"
    source: hosted
    version: "0.9.3"
  fl_chart:
    dependency: "direct dev"
    description:
      name: fl_chart
      sha256: "155556c4aba56c8474308d51b4e5446b80a07db9ab66a3cb74aff05c110df982"
      url: "https://pub.dev"
    source: hosted
    version: "0.60.0"
  flutter:
    dependency: "direct main"
    description: flutter
    source: sdk
    version: "0.0.0"
  flutter_blurhash:
    dependency: transitive
    description:
      name: flutter_blurhash
      sha256: "05001537bd3fac7644fa6558b09ec8c0a3f2eba78c0765f88912882b1331a5c6"
      url: "https://pub.dev"
    source: hosted
    version: "0.7.0"
  flutter_cache_manager:
    dependency: transitive
    description:
      name: flutter_cache_manager
      sha256: "8207f27539deb83732fdda03e259349046a39a4c767269285f449ade355d54ba"
      url: "https://pub.dev"
    source: hosted
    version: "3.3.1"
  flutter_lints:
    dependency: "direct dev"
    description:
      name: flutter_lints
      sha256: "2118df84ef0c3ca93f96123a616ae8540879991b8b57af2f81b76a7ada49b2a4"
      url: "https://pub.dev"
    source: hosted
    version: "2.0.2"
  flutter_plugin_android_lifecycle:
    dependency: transitive
    description:
      name: flutter_plugin_android_lifecycle
      sha256: "950e77c2bbe1692bc0874fc7fb491b96a4dc340457f4ea1641443d0a6c1ea360"
      url: "https://pub.dev"
    source: hosted
    version: "2.0.15"
  flutter_radar_chart:
    dependency: "direct dev"
    description:
      name: flutter_radar_chart
      sha256: c98b635de2e3f5b0b1300093023845825b616c8e523776a8a3a714c28f23f211
      url: "https://pub.dev"
    source: hosted
    version: "0.2.1"
  flutter_test:
    dependency: "direct dev"
    description: flutter
    source: sdk
    version: "0.0.0"
  flutter_web_plugins:
    dependency: transitive
    description: flutter
    source: sdk
    version: "0.0.0"
  get:
    dependency: "direct dev"
    description:
      name: get
      sha256: "2ba20a47c8f1f233bed775ba2dd0d3ac97b4cf32fc17731b3dfc672b06b0e92a"
      url: "https://pub.dev"
    source: hosted
    version: "4.6.5"
  http:
    dependency: transitive
    description:
      name: http
      sha256: "5895291c13fa8a3bd82e76d5627f69e0d85ca6a30dcac95c4ea19a5d555879c2"
      url: "https://pub.dev"
    source: hosted
    version: "0.13.6"
  http_parser:
    dependency: transitive
    description:
      name: http_parser
      sha256: "2aa08ce0341cc9b354a498388e30986515406668dbcc4f7c950c3e715496693b"
      url: "https://pub.dev"
    source: hosted
    version: "4.0.2"
  image_picker:
    dependency: "direct main"
    description:
      name: image_picker
      sha256: "841837258e0b42c80946c43443054fc726f5e8aa84a97f363eb9ef0d45b33c14"
      url: "https://pub.dev"
    source: hosted
    version: "1.0.2"
  image_picker_android:
    dependency: transitive
    description:
      name: image_picker_android
      sha256: "8179b54039b50eee561676232304f487602e2950ffb3e8995ed9034d6505ca34"
      url: "https://pub.dev"
    source: hosted
    version: "0.8.7+4"
  image_picker_for_web:
    dependency: transitive
    description:
      name: image_picker_for_web
      sha256: "8b6c160cdbe572199103a091c783685b236110e4a0fd7a4947f32ff5b7da8765"
      url: "https://pub.dev"
    source: hosted
    version: "3.0.0"
  image_picker_ios:
    dependency: transitive
    description:
      name: image_picker_ios
      sha256: b3e2f21feb28b24dd73a35d7ad6e83f568337c70afab5eabac876e23803f264b
      url: "https://pub.dev"
    source: hosted
    version: "0.8.8"
  image_picker_linux:
    dependency: transitive
    description:
      name: image_picker_linux
      sha256: "02cbc21fe1706b97942b575966e5fbbeaac535e76deef70d3a242e4afb857831"
      url: "https://pub.dev"
    source: hosted
    version: "0.2.1"
  image_picker_macos:
    dependency: transitive
    description:
      name: image_picker_macos
      sha256: cee2aa86c56780c13af2c77b5f2f72973464db204569e1ba2dd744459a065af4
      url: "https://pub.dev"
    source: hosted
    version: "0.2.1"
  image_picker_platform_interface:
    dependency: transitive
    description:
      name: image_picker_platform_interface
      sha256: c1134543ae2187e85299996d21c526b2f403854994026d575ae4cf30d7bb2a32
      url: "https://pub.dev"
    source: hosted
    version: "2.9.0"
  image_picker_windows:
    dependency: transitive
    description:
      name: image_picker_windows
      sha256: c3066601ea42113922232c7b7b3330a2d86f029f685bba99d82c30e799914952
      url: "https://pub.dev"
    source: hosted
    version: "0.2.1"
  intl:
    dependency: "direct main"
    description:
      name: intl
      sha256: "3bc132a9dbce73a7e4a21a17d06e1878839ffbf975568bc875c60537824b0c4d"
      url: "https://pub.dev"
    source: hosted
    version: "0.18.1"
  js:
    dependency: transitive
    description:
      name: js
      sha256: f2c445dce49627136094980615a031419f7f3eb393237e4ecd97ac15dea343f3
      url: "https://pub.dev"
    source: hosted
    version: "0.6.7"
  json_annotation:
    dependency: transitive
    description:
      name: json_annotation
      sha256: b10a7b2ff83d83c777edba3c6a0f97045ddadd56c944e1a23a3fdf43a1bf4467
      url: "https://pub.dev"
    source: hosted
    version: "4.8.1"
  lints:
    dependency: transitive
    description:
      name: lints
      sha256: "5e4a9cd06d447758280a8ac2405101e0e2094d2a1dbdd3756aec3fe7775ba593"
      url: "https://pub.dev"
    source: hosted
    version: "2.0.1"
  matcher:
    dependency: transitive
    description:
      name: matcher
      sha256: "1803e76e6653768d64ed8ff2e1e67bea3ad4b923eb5c56a295c3e634bad5960e"
      url: "https://pub.dev"
    source: hosted
    version: "0.12.16"
  material_color_utilities:
    dependency: transitive
    description:
      name: material_color_utilities
      sha256: "9528f2f296073ff54cb9fee677df673ace1218163c3bc7628093e7eed5203d41"
      url: "https://pub.dev"
    source: hosted
    version: "0.5.0"
  meta:
    dependency: transitive
    description:
      name: meta
      sha256: "3c74dbf8763d36539f114c799d8a2d87343b5067e9d796ca22b5eb8437090ee3"
      url: "https://pub.dev"
    source: hosted
    version: "1.9.1"
  mime:
    dependency: transitive
    description:
      name: mime
      sha256: e4ff8e8564c03f255408decd16e7899da1733852a9110a58fe6d1b817684a63e
      url: "https://pub.dev"
    source: hosted
    version: "1.0.4"
  modal_progress_hud_nsn:
    dependency: "direct dev"
    description:
      name: modal_progress_hud_nsn
      sha256: "408b9bcce97567de94637de932260e50be48db1842edc761aeea61670e5ec30c"
      url: "https://pub.dev"
    source: hosted
    version: "0.3.0"
  nested:
    dependency: transitive
    description:
      name: nested
      sha256: "03bac4c528c64c95c722ec99280375a6f2fc708eec17c7b3f07253b626cd2a20"
      url: "https://pub.dev"
    source: hosted
    version: "1.0.0"
  octo_image:
    dependency: transitive
    description:
      name: octo_image
      sha256: "107f3ed1330006a3bea63615e81cf637433f5135a52466c7caa0e7152bca9143"
      url: "https://pub.dev"
    source: hosted
    version: "1.0.2"
  path:
    dependency: "direct main"
    description:
      name: path
      sha256: "8829d8a55c13fc0e37127c29fedf290c102f4e40ae94ada574091fe0ff96c917"
      url: "https://pub.dev"
    source: hosted
    version: "1.8.3"
  path_provider:
    dependency: "direct main"
    description:
      name: path_provider
      sha256: "909b84830485dbcd0308edf6f7368bc8fd76afa26a270420f34cabea2a6467a0"
      url: "https://pub.dev"
    source: hosted
    version: "2.1.0"
  path_provider_android:
    dependency: transitive
    description:
      name: path_provider_android
      sha256: "5d44fc3314d969b84816b569070d7ace0f1dea04bd94a83f74c4829615d22ad8"
      url: "https://pub.dev"
    source: hosted
    version: "2.1.0"
  path_provider_foundation:
    dependency: transitive
    description:
      name: path_provider_foundation
      sha256: "1b744d3d774e5a879bb76d6cd1ecee2ba2c6960c03b1020cd35212f6aa267ac5"
      url: "https://pub.dev"
    source: hosted
    version: "2.3.0"
  path_provider_linux:
    dependency: transitive
    description:
      name: path_provider_linux
      sha256: ba2b77f0c52a33db09fc8caf85b12df691bf28d983e84cf87ff6d693cfa007b3
      url: "https://pub.dev"
    source: hosted
    version: "2.2.0"
  path_provider_platform_interface:
    dependency: transitive
    description:
      name: path_provider_platform_interface
      sha256: bced5679c7df11190e1ddc35f3222c858f328fff85c3942e46e7f5589bf9eb84
      url: "https://pub.dev"
    source: hosted
    version: "2.1.0"
  path_provider_windows:
    dependency: transitive
    description:
      name: path_provider_windows
      sha256: ee0e0d164516b90ae1f970bdf29f726f1aa730d7cfc449ecc74c495378b705da
      url: "https://pub.dev"
    source: hosted
    version: "2.2.0"
  percent_indicator:
    dependency: "direct dev"
    description:
      name: percent_indicator
      sha256: c37099ad833a883c9d71782321cb65c3a848c21b6939b6185f0ff6640d05814c
      url: "https://pub.dev"
    source: hosted
    version: "4.2.3"
  platform:
    dependency: transitive
    description:
      name: platform
      sha256: "4a451831508d7d6ca779f7ac6e212b4023dd5a7d08a27a63da33756410e32b76"
      url: "https://pub.dev"
    source: hosted
    version: "3.1.0"
  plugin_platform_interface:
    dependency: transitive
    description:
      name: plugin_platform_interface
      sha256: "43798d895c929056255600343db8f049921cbec94d31ec87f1dc5c16c01935dd"
      url: "https://pub.dev"
    source: hosted
    version: "2.1.5"
  provider:
    dependency: "direct dev"
    description:
      name: provider
      sha256: cdbe7530b12ecd9eb455bdaa2fcb8d4dad22e80b8afb4798b41479d5ce26847f
      url: "https://pub.dev"
    source: hosted
    version: "6.0.5"
  quiver:
    dependency: transitive
    description:
      name: quiver
      sha256: b1c1ac5ce6688d77f65f3375a9abb9319b3cb32486bdc7a1e0fdf004d7ba4e47
      url: "https://pub.dev"
    source: hosted
    version: "3.2.1"
  rxdart:
    dependency: transitive
    description:
      name: rxdart
      sha256: "0c7c0cedd93788d996e33041ffecda924cc54389199cde4e6a34b440f50044cb"
      url: "https://pub.dev"
    source: hosted
    version: "0.27.7"
  shared_preferences:
    dependency: "direct dev"
    description:
      name: shared_preferences
      sha256: "0344316c947ffeb3a529eac929e1978fcd37c26be4e8468628bac399365a3ca1"
      url: "https://pub.dev"
    source: hosted
    version: "2.2.0"
  shared_preferences_android:
    dependency: transitive
    description:
      name: shared_preferences_android
      sha256: fe8401ec5b6dcd739a0fe9588802069e608c3fdbfd3c3c93e546cf2f90438076
      url: "https://pub.dev"
    source: hosted
    version: "2.2.0"
  shared_preferences_foundation:
    dependency: transitive
    description:
      name: shared_preferences_foundation
      sha256: f39696b83e844923b642ce9dd4bd31736c17e697f6731a5adf445b1274cf3cd4
      url: "https://pub.dev"
    source: hosted
    version: "2.3.2"
  shared_preferences_linux:
    dependency: transitive
    description:
      name: shared_preferences_linux
      sha256: "71d6806d1449b0a9d4e85e0c7a917771e672a3d5dc61149cc9fac871115018e1"
      url: "https://pub.dev"
    source: hosted
    version: "2.3.0"
  shared_preferences_platform_interface:
    dependency: transitive
    description:
      name: shared_preferences_platform_interface
      sha256: "23b052f17a25b90ff2b61aad4cc962154da76fb62848a9ce088efe30d7c50ab1"
      url: "https://pub.dev"
    source: hosted
    version: "2.3.0"
  shared_preferences_web:
    dependency: transitive
    description:
      name: shared_preferences_web
      sha256: "7347b194fb0bbeb4058e6a4e87ee70350b6b2b90f8ac5f8bd5b3a01548f6d33a"
      url: "https://pub.dev"
    source: hosted
    version: "2.2.0"
  shared_preferences_windows:
    dependency: transitive
    description:
      name: shared_preferences_windows
      sha256: f95e6a43162bce43c9c3405f3eb6f39e5b5d11f65fab19196cf8225e2777624d
      url: "https://pub.dev"
    source: hosted
    version: "2.3.0"
  simple_gesture_detector:
    dependency: transitive
    description:
      name: simple_gesture_detector
      sha256: "86d08f85f1f58583b7b4b941d989f48ea6ce08c1724a1d10954a277c2ec36592"
      url: "https://pub.dev"
    source: hosted
    version: "0.2.0"
  sky_engine:
    dependency: transitive
    description: flutter
    source: sdk
    version: "0.0.99"
  source_span:
    dependency: transitive
    description:
      name: source_span
      sha256: "53e943d4206a5e30df338fd4c6e7a077e02254531b138a15aec3bd143c1a8b3c"
      url: "https://pub.dev"
    source: hosted
    version: "1.10.0"
  sqflite:
    dependency: transitive
    description:
      name: sqflite
      sha256: b4d6710e1200e96845747e37338ea8a819a12b51689a3bcf31eff0003b37a0b9
      url: "https://pub.dev"
    source: hosted
    version: "2.2.8+4"
  sqflite_common:
    dependency: transitive
    description:
      name: sqflite_common
      sha256: "8f7603f3f8f126740bc55c4ca2d1027aab4b74a1267a3e31ce51fe40e3b65b8f"
      url: "https://pub.dev"
    source: hosted
    version: "2.4.5+1"
  stack_trace:
    dependency: transitive
    description:
      name: stack_trace
      sha256: "73713990125a6d93122541237550ee3352a2d84baad52d375a4cad2eb9b7ce0b"
      url: "https://pub.dev"
    source: hosted
    version: "1.11.1"
  stream_channel:
    dependency: transitive
    description:
      name: stream_channel
      sha256: ba2aa5d8cc609d96bbb2899c28934f9e1af5cddbd60a827822ea467161eb54e7
      url: "https://pub.dev"
    source: hosted
    version: "2.1.2"
  stream_transform:
    dependency: transitive
    description:
      name: stream_transform
      sha256: "14a00e794c7c11aa145a170587321aedce29769c08d7f58b1d141da75e3b1c6f"
      url: "https://pub.dev"
    source: hosted
    version: "2.1.0"
  string_scanner:
    dependency: transitive
    description:
      name: string_scanner
      sha256: "556692adab6cfa87322a115640c11f13cb77b3f076ddcc5d6ae3c20242bedcde"
      url: "https://pub.dev"
    source: hosted
    version: "1.2.0"
  synchronized:
    dependency: transitive
    description:
      name: synchronized
      sha256: "5fcbd27688af6082f5abd611af56ee575342c30e87541d0245f7ff99faa02c60"
      url: "https://pub.dev"
    source: hosted
    version: "3.1.0"
  table_calendar:
    dependency: "direct dev"
    description:
      name: table_calendar
      sha256: "1e3521a3e6d3fc7f645a58b135ab663d458ab12504f1ea7f9b4b81d47086c478"
      url: "https://pub.dev"
    source: hosted
    version: "3.0.9"
  term_glyph:
    dependency: transitive
    description:
      name: term_glyph
      sha256: a29248a84fbb7c79282b40b8c72a1209db169a2e0542bce341da992fe1bc7e84
      url: "https://pub.dev"
    source: hosted
    version: "1.2.1"
  test_api:
    dependency: transitive
    description:
      name: test_api
      sha256: "5c2f730018264d276c20e4f1503fd1308dfbbae39ec8ee63c5236311ac06954b"
      url: "https://pub.dev"
    source: hosted
    version: "0.6.1"
  typed_data:
    dependency: transitive
    description:
      name: typed_data
      sha256: facc8d6582f16042dd49f2463ff1bd6e2c9ef9f3d5da3d9b087e244a7b564b3c
      url: "https://pub.dev"
    source: hosted
    version: "1.3.2"
  uuid:
    dependency: transitive
    description:
      name: uuid
      sha256: "2469694ad079893e3b434a627970c33f2fa5adc46dfe03c9617546969a9a8afc"
      url: "https://pub.dev"
    source: hosted
    version: "3.0.6"
  vector_math:
    dependency: transitive
    description:
      name: vector_math
      sha256: "80b3257d1492ce4d091729e3a67a60407d227c27241d6927be0130c98e741803"
      url: "https://pub.dev"
    source: hosted
    version: "2.1.4"
  web:
    dependency: transitive
    description:
      name: web
      sha256: dc8ccd225a2005c1be616fe02951e2e342092edf968cf0844220383757ef8f10
      url: "https://pub.dev"
    source: hosted
    version: "0.1.4-beta"
  win32:
    dependency: transitive
    description:
      name: win32
      sha256: "5a751eddf9db89b3e5f9d50c20ab8612296e4e8db69009788d6c8b060a84191c"
      url: "https://pub.dev"
    source: hosted
    version: "4.1.4"
  xdg_directories:
    dependency: transitive
    description:
      name: xdg_directories
      sha256: f0c26453a2d47aa4c2570c6a033246a3fc62da2fe23c7ffdd0a7495086dc0247
      url: "https://pub.dev"
    source: hosted
    version: "1.0.2"
sdks:
  dart: ">=3.1.0-185.0.dev <4.0.0"
  flutter: ">=3.3.0"
